
Microsoft Visual Studio Solution File, Format Version 12.00
# Visual Studio Version 16
VisualStudioVersion = 16.0.30621.155
MinimumVisualStudioVersion = 10.0.40219.1
Project("{FAE04EC0-301F-11D3-BF4B-00C04F79EFBC}") = "FourPixCam", "FourPixCam\FourPixCam.csproj", "{F7CDF255-5BBE-4020-B2B6-B52A44C2919F}"
EndProject
Global
	GlobalSection(SolutionConfigurationPlatforms) = preSolution
		Debug|Any CPU = Debug|Any CPU
		Release|Any CPU = Release|Any CPU
	EndGlobalSection
	GlobalSection(ProjectConfigurationPlatforms) = postSolution
		{F7CDF255-5BBE-4020-B2B6-B52A44C2919F}.Debug|Any CPU.ActiveCfg = Debug|Any CPU
		{F7CDF255-5BBE-4020-B2B6-B52A44C2919F}.Debug|Any CPU.Build.0 = Debug|Any CPU
		{F7CDF255-5BBE-4020-B2B6-B52A44C2919F}.Release|Any CPU.ActiveCfg = Release|Any CPU
		{F7CDF255-5BBE-4020-B2B6-B52A44C2919F}.Release|Any CPU.Build.0 = Release|Any CPU
	EndGlobalSection
	GlobalSection(SolutionProperties) = preSolution
		HideSolutionNode = FALSE
	EndGlobalSection
	GlobalSection(ExtensibilityGlobals) = postSolution
		SolutionGuid = {CCAD5F02-E631-4CFA-8516-30345271F9CF}
	EndGlobalSection
EndGlobal
